
Microsoft Visual Studio Solution File, Format Version 12.00
# Visual Studio Version 17
VisualStudioVersion = 17.3.32819.101
MinimumVisualStudioVersion = 10.0.40219.1
Project("{FAE04EC0-301F-11D3-BF4B-00C04F79EFBC}") = "l16_LERT_1071922", "l16_LERT_1071922\l16_LERT_1071922.csproj", "{E40EEECD-DFB3-4210-AF8B-73AB6172AF74}"
EndProject
Global
	GlobalSection(SolutionConfigurationPlatforms) = preSolution
		Debug|Any CPU = Debug|Any CPU
		Release|Any CPU = Release|Any CPU
	EndGlobalSection
	GlobalSection(ProjectConfigurationPlatforms) = postSolution
		{E40EEECD-DFB3-4210-AF8B-73AB6172AF74}.Debug|Any CPU.ActiveCfg = Debug|Any CPU
		{E40EEECD-DFB3-4210-AF8B-73AB6172AF74}.Debug|Any CPU.Build.0 = Debug|Any CPU
		{E40EEECD-DFB3-4210-AF8B-73AB6172AF74}.Release|Any CPU.ActiveCfg = Release|Any CPU
		{E40EEECD-DFB3-4210-AF8B-73AB6172AF74}.Release|Any CPU.Build.0 = Release|Any CPU
	EndGlobalSection
	GlobalSection(SolutionProperties) = preSolution
		HideSolutionNode = FALSE
	EndGlobalSection
	GlobalSection(ExtensibilityGlobals) = postSolution
		SolutionGuid = {DFB6CFA3-A69F-448F-A95B-38F35E002668}
	EndGlobalSection
EndGlobal
